
Microsoft Visual Studio Solution File, Format Version 12.00
# Visual Studio Version 17
VisualStudioVersion = 17.8.34601.278
MinimumVisualStudioVersion = 10.0.40219.1
Project("{9A19103F-16F7-4668-BE54-9A1E7A4F7556}") = "TunaPiano", "TunaPiano.csproj", "{BA67E8D4-C450-4C18-84CD-C669E4E0EFB8}"
EndProject
Global
	GlobalSection(SolutionConfigurationPlatforms) = preSolution
		Debug|Any CPU = Debug|Any CPU
		Release|Any CPU = Release|Any CPU
	EndGlobalSection
	GlobalSection(ProjectConfigurationPlatforms) = postSolution
		{BA67E8D4-C450-4C18-84CD-C669E4E0EFB8}.Debug|Any CPU.ActiveCfg = Debug|Any CPU
		{BA67E8D4-C450-4C18-84CD-C669E4E0EFB8}.Debug|Any CPU.Build.0 = Debug|Any CPU
		{BA67E8D4-C450-4C18-84CD-C669E4E0EFB8}.Release|Any CPU.ActiveCfg = Release|Any CPU
		{BA67E8D4-C450-4C18-84CD-C669E4E0EFB8}.Release|Any CPU.Build.0 = Release|Any CPU
	EndGlobalSection
	GlobalSection(SolutionProperties) = preSolution
		HideSolutionNode = FALSE
	EndGlobalSection
	GlobalSection(ExtensibilityGlobals) = postSolution
		SolutionGuid = {E0013A1D-A8CE-49F0-B5EB-573762D24D1C}
	EndGlobalSection
EndGlobal
